
Microsoft Visual Studio Solution File, Format Version 12.00
# Visual Studio 15
VisualStudioVersion = 15.0.28010.2041
MinimumVisualStudioVersion = 10.0.40219.1
Project("{9A19103F-16F7-4668-BE54-9A1E7A4F7556}") = "OGCServiceCatalogue", "OGCServiceCatalogue\OGCServiceCatalogue.csproj", "{F137D2A0-7986-4E15-8398-722075B40B82}"
EndProject
Global
	GlobalSection(SolutionConfigurationPlatforms) = preSolution
		Debug|Any CPU = Debug|Any CPU
		Release|Any CPU = Release|Any CPU
	EndGlobalSection
	GlobalSection(ProjectConfigurationPlatforms) = postSolution
		{F137D2A0-7986-4E15-8398-722075B40B82}.Debug|Any CPU.ActiveCfg = Debug|Any CPU
		{F137D2A0-7986-4E15-8398-722075B40B82}.Debug|Any CPU.Build.0 = Debug|Any CPU
		{F137D2A0-7986-4E15-8398-722075B40B82}.Release|Any CPU.ActiveCfg = Release|Any CPU
		{F137D2A0-7986-4E15-8398-722075B40B82}.Release|Any CPU.Build.0 = Release|Any CPU
	EndGlobalSection
	GlobalSection(SolutionProperties) = preSolution
		HideSolutionNode = FALSE
	EndGlobalSection
	GlobalSection(ExtensibilityGlobals) = postSolution
		SolutionGuid = {D513AD96-6BCC-439E-8DC6-70211C9ADDDC}
	EndGlobalSection
EndGlobal
